<?xml version="1.0" encoding="utf-8"?>
<Project ToolsVersion="4.0" xmlns="http://schemas.microsoft.com/developer/msbuild/2003">
  <ItemGroup>
    <Filter Include="Entities">
      <UniqueIdentifier>{0264e922-0694-49b5-8cd6-f8e6d8637de6}</UniqueIdentifier>
    </Filter>
    <Filter Include="Infrastructure">
      <UniqueIdentifier>{56f59576-ddbe-4067-8e7d-a1c989d159de}</UniqueIdentifier>
    </Filter>
    <Filter Include="Mongo">
      <UniqueIdentifier>{3f40a0e7-0dab-4d30-a2d1-ace15d2ed8c9}</UniqueIdentifier>
    </Filter>
    <Filter Include="Mongo\Repository">
      <UniqueIdentifier>{23b99d1e-e1fe-40ef-ae19-d40be0f66ee4}</UniqueIdentifier>
    </Filter>
  </ItemGroup>
  <ItemGroup>
    <ClInclude Include="Task.h">
      <Filter>Entities</Filter>
    </ClInclude>
    <ClInclude Include="DAL.h" />
    <ClInclude Include="common.h" />
    <ClInclude Include="TaskComment.h">
      <Filter>Entities</Filter>
    </ClInclude>
    <ClInclude Include="TaskStatus.h">
      <Filter>Entities</Filter>
    </ClInclude>
    <ClInclude Include="TaskAssigned.h">
      <Filter>Entities</Filter>
    </ClInclude>
    <ClInclude Include="Team.h">
      <Filter>Entities</Filter>
    </ClInclude>
    <ClInclude Include="IEntity.h">
      <Filter>Infrastructure</Filter>
    </ClInclude>
    <ClInclude Include="IRepository.h">
      <Filter>Infrastructure</Filter>
    </ClInclude>
    <ClInclude Include="Repository.h">
      <Filter>Mongo</Filter>
    </ClInclude>
    <ClInclude Include="Connection.h">
      <Filter>Mongo</Filter>
    </ClInclude>
    <ClInclude Include="RepositoryList.h">
      <Filter>Mongo</Filter>
    </ClInclude>
    <ClInclude Include="TaskRepository.h">
      <Filter>Mongo\Repository</Filter>
    </ClInclude>
    <ClInclude Include="EmployeeRepository.h">
      <Filter>Mongo\Repository</Filter>
    </ClInclude>
    <ClInclude Include="Employee.h">
      <Filter>Entities</Filter>
    </ClInclude>
    <ClInclude Include="TeamRepository.h">
      <Filter>Mongo\Repository</Filter>
    </ClInclude>
    <ClInclude Include="ITaskPart.h">
      <Filter>Infrastructure</Filter>
    </ClInclude>
    <ClInclude Include="Session.h">
      <Filter>Entities</Filter>
    </ClInclude>
    <ClInclude Include="SessionRepository.h">
      <Filter>Mongo\Repository</Filter>
    </ClInclude>
    <ClInclude Include="TaskAssignedRepository.h">
      <Filter>Mongo\Repository</Filter>
    </ClInclude>
    <ClInclude Include="TaskStatusRepository.h">
      <Filter>Mongo\Repository</Filter>
    </ClInclude>
    <ClInclude Include="TaskCommentRepository.h">
      <Filter>Mongo\Repository</Filter>
    </ClInclude>
    <ClInclude Include="Report.h">
      <Filter>Entities</Filter>
    </ClInclude>
    <ClInclude Include="ReportRepository.h">
      <Filter>Mongo\Repository</Filter>
    </ClInclude>
  </ItemGroup>
  <ItemGroup>
    <ClCompile Include="Connection.cpp">
      <Filter>Mongo</Filter>
    </ClCompile>
  </ItemGroup>
</Project>