<?xml version="1.0" encoding="utf-8"?>
<Project ToolsVersion="4.0" xmlns="http://schemas.microsoft.com/developer/msbuild/2003">
  <ItemGroup>
    <ClCompile Include="Main.cpp" />
    <ClCompile Include="TaskController.h">
      <Filter>Controllers</Filter>
    </ClCompile>
    <ClCompile Include="SimplePocoHandler.cpp">
      <Filter>Socket</Filter>
    </ClCompile>
  </ItemGroup>
  <ItemGroup>
    <Filter Include="Controllers">
      <UniqueIdentifier>{a8612e9e-4a8e-4eca-82e7-486dac6fb749}</UniqueIdentifier>
    </Filter>
    <Filter Include="ViewModels">
      <UniqueIdentifier>{ab25b566-76df-4b2e-a11f-bb0c4173d542}</UniqueIdentifier>
    </Filter>
    <Filter Include="Socket">
      <UniqueIdentifier>{bb3435af-13a5-4db3-8ac8-3503ddcc7dd4}</UniqueIdentifier>
    </Filter>
  </ItemGroup>
  <ItemGroup>
    <ClInclude Include="IController.h">
      <Filter>Controllers</Filter>
    </ClInclude>
    <ClInclude Include="ControllerList.h">
      <Filter>Controllers</Filter>
    </ClInclude>
    <ClInclude Include="UserController.h">
      <Filter>Controllers</Filter>
    </ClInclude>
    <ClInclude Include="Session.h">
      <Filter>ViewModels</Filter>
    </ClInclude>
    <ClInclude Include="ViewModels.h" />
    <ClInclude Include="Employee.h">
      <Filter>ViewModels</Filter>
    </ClInclude>
    <ClInclude Include="Task.h">
      <Filter>ViewModels</Filter>
    </ClInclude>
    <ClInclude Include="TaskAssigned.h">
      <Filter>ViewModels</Filter>
    </ClInclude>
    <ClInclude Include="TaskStatus.h">
      <Filter>ViewModels</Filter>
    </ClInclude>
    <ClInclude Include="TaskComment.h">
      <Filter>ViewModels</Filter>
    </ClInclude>
    <ClInclude Include="SimplePocoHandler.h">
      <Filter>Socket</Filter>
    </ClInclude>
    <ClInclude Include="Report.h">
      <Filter>ViewModels</Filter>
    </ClInclude>
    <ClInclude Include="ReportController.h">
      <Filter>Controllers</Filter>
    </ClInclude>
  </ItemGroup>
</Project>