<?xml version="1.0" encoding="utf-8"?>
<Project ToolsVersion="4.0" xmlns="http://schemas.microsoft.com/developer/msbuild/2003">
  <ItemGroup>
    <Filter Include="DTO">
      <UniqueIdentifier>{321d3a86-b93a-410f-8125-bc99dd85395e}</UniqueIdentifier>
    </Filter>
    <Filter Include="Infrastructure">
      <UniqueIdentifier>{d2b59d21-c62a-4da8-95d0-f3c75e586005}</UniqueIdentifier>
    </Filter>
  </ItemGroup>
  <ItemGroup>
    <ClInclude Include="BLL.h" />
    <ClInclude Include="Task.h">
      <Filter>DTO</Filter>
    </ClInclude>
    <ClInclude Include="DTO.h">
      <Filter>DTO</Filter>
    </ClInclude>
    <ClInclude Include="Employer.h">
      <Filter>DTO</Filter>
    </ClInclude>
    <ClInclude Include="SprintService.h">
      <Filter>Infrastructure</Filter>
    </ClInclude>
    <ClInclude Include="EmployerList.h">
      <Filter>DTO</Filter>
    </ClInclude>
    <ClInclude Include="common.h">
      <Filter>DTO</Filter>
    </ClInclude>
    <ClInclude Include="Team.h">
      <Filter>DTO</Filter>
    </ClInclude>
  </ItemGroup>
  <ItemGroup>
    <ClCompile Include="Task.cpp">
      <Filter>DTO</Filter>
    </ClCompile>
    <ClCompile Include="Employer.cpp">
      <Filter>DTO</Filter>
    </ClCompile>
  </ItemGroup>
</Project>